
Microsoft Visual Studio Solution File, Format Version 12.00
# Visual Studio Version 16
VisualStudioVersion = 16.0.30128.74
MinimumVisualStudioVersion = 10.0.40219.1
Project("{FAE04EC0-301F-11D3-BF4B-00C04F79EFBC}") = "steverofe.com", "steverofe.com\steverofe.com.csproj", "{43D454EF-5764-432D-87AB-C63078290CE3}"
EndProject
Global
	GlobalSection(SolutionConfigurationPlatforms) = preSolution
		Debug|Any CPU = Debug|Any CPU
		Release|Any CPU = Release|Any CPU
	EndGlobalSection
	GlobalSection(ProjectConfigurationPlatforms) = postSolution
		{43D454EF-5764-432D-87AB-C63078290CE3}.Debug|Any CPU.ActiveCfg = Debug|Any CPU
		{43D454EF-5764-432D-87AB-C63078290CE3}.Debug|Any CPU.Build.0 = Debug|Any CPU
		{43D454EF-5764-432D-87AB-C63078290CE3}.Release|Any CPU.ActiveCfg = Release|Any CPU
		{43D454EF-5764-432D-87AB-C63078290CE3}.Release|Any CPU.Build.0 = Release|Any CPU
	EndGlobalSection
	GlobalSection(SolutionProperties) = preSolution
		HideSolutionNode = FALSE
	EndGlobalSection
	GlobalSection(ExtensibilityGlobals) = postSolution
		SolutionGuid = {4AB64E23-5C1A-4128-A446-36637A1A947A}
	EndGlobalSection
EndGlobal
